
Microsoft Visual Studio Solution File, Format Version 12.00
# Visual Studio 15
VisualStudioVersion = 15.0.28307.106
MinimumVisualStudioVersion = 10.0.40219.1
Project("{FAE04EC0-301F-11D3-BF4B-00C04F79EFBC}") = "demoApp.iOS", "demoApp\demoApp.iOS\demoApp.iOS.csproj", "{81D7A34E-681D-4431-8B7D-3E8146D2DBA6}"
EndProject
Project("{FAE04EC0-301F-11D3-BF4B-00C04F79EFBC}") = "demoApp.UWP", "demoApp\demoApp.UWP\demoApp.UWP.csproj", "{E01EC157-C240-4A90-B472-A3AD4BFBE9D5}"
EndProject
Project("{9A19103F-16F7-4668-BE54-9A1E7A4F7556}") = "E_WELL", "demoApp\demoApp\E_WELL.csproj", "{7B223ECD-E30A-4710-ABD4-5C3AF42E7A68}"
EndProject
Project("{FAE04EC0-301F-11D3-BF4B-00C04F79EFBC}") = "E_WELL.Android", "demoApp\demoApp.Android\E_WELL.Android.csproj", "{DBCAF477-4C7F-4081-B731-0E1D97C83DA4}"
EndProject
Global
	GlobalSection(SolutionConfigurationPlatforms) = preSolution
		Ad-Hoc|Any CPU = Ad-Hoc|Any CPU
		Ad-Hoc|ARM = Ad-Hoc|ARM
		Ad-Hoc|iPhone = Ad-Hoc|iPhone
		Ad-Hoc|iPhoneSimulator = Ad-Hoc|iPhoneSimulator
		Ad-Hoc|x64 = Ad-Hoc|x64
		Ad-Hoc|x86 = Ad-Hoc|x86
		AppStore|Any CPU = AppStore|Any CPU
		AppStore|ARM = AppStore|ARM
		AppStore|iPhone = AppStore|iPhone
		AppStore|iPhoneSimulator = AppStore|iPhoneSimulator
		AppStore|x64 = AppStore|x64
		AppStore|x86 = AppStore|x86
		Debug|Any CPU = Debug|Any CPU
		Debug|ARM = Debug|ARM
		Debug|iPhone = Debug|iPhone
		Debug|iPhoneSimulator = Debug|iPhoneSimulator
		Debug|x64 = Debug|x64
		Debug|x86 = Debug|x86
		Release|Any CPU = Release|Any CPU
		Release|ARM = Release|ARM
		Release|iPhone = Release|iPhone
		Release|iPhoneSimulator = Release|iPhoneSimulator
		Release|x64 = Release|x64
		Release|x86 = Release|x86
	EndGlobalSection
	GlobalSection(ProjectConfigurationPlatforms) = postSolution
		{81D7A34E-681D-4431-8B7D-3E8146D2DBA6}.Ad-Hoc|Any CPU.ActiveCfg = Ad-Hoc|iPhone
		{81D7A34E-681D-4431-8B7D-3E8146D2DBA6}.Ad-Hoc|Any CPU.Build.0 = Ad-Hoc|iPhone
		{81D7A34E-681D-4431-8B7D-3E8146D2DBA6}.Ad-Hoc|Any CPU.Deploy.0 = Ad-Hoc|iPhone
		{81D7A34E-681D-4431-8B7D-3E8146D2DBA6}.Ad-Hoc|ARM.ActiveCfg = Ad-Hoc|iPhone
		{81D7A34E-681D-4431-8B7D-3E8146D2DBA6}.Ad-Hoc|ARM.Build.0 = Ad-Hoc|iPhone
		{81D7A34E-681D-4431-8B7D-3E8146D2DBA6}.Ad-Hoc|ARM.Deploy.0 = Ad-Hoc|iPhone
		{81D7A34E-681D-4431-8B7D-3E8146D2DBA6}.Ad-Hoc|iPhone.ActiveCfg = Ad-Hoc|iPhone
		{81D7A34E-681D-4431-8B7D-3E8146D2DBA6}.Ad-Hoc|iPhone.Build.0 = Ad-Hoc|iPhone
		{81D7A34E-681D-4431-8B7D-3E8146D2DBA6}.Ad-Hoc|iPhone.Deploy.0 = Ad-Hoc|iPhone
		{81D7A34E-681D-4431-8B7D-3E8146D2DBA6}.Ad-Hoc|iPhoneSimulator.ActiveCfg = Ad-Hoc|iPhoneSimulator
		{81D7A34E-681D-4431-8B7D-3E8146D2DBA6}.Ad-Hoc|iPhoneSimulator.Build.0 = Ad-Hoc|iPhoneSimulator
		{81D7A34E-681D-4431-8B7D-3E8146D2DBA6}.Ad-Hoc|iPhoneSimulator.Deploy.0 = Ad-Hoc|iPhoneSimulator
		{81D7A34E-681D-4431-8B7D-3E8146D2DBA6}.Ad-Hoc|x64.ActiveCfg = Ad-Hoc|iPhone
		{81D7A34E-681D-4431-8B7D-3E8146D2DBA6}.Ad-Hoc|x64.Build.0 = Ad-Hoc|iPhone
		{81D7A34E-681D-4431-8B7D-3E8146D2DBA6}.Ad-Hoc|x64.Deploy.0 = Ad-Hoc|iPhone
		{81D7A34E-681D-4431-8B7D-3E8146D2DBA6}.Ad-Hoc|x86.ActiveCfg = Ad-Hoc|iPhone
		{81D7A34E-681D-4431-8B7D-3E8146D2DBA6}.Ad-Hoc|x86.Build.0 = Ad-Hoc|iPhone
		{81D7A34E-681D-4431-8B7D-3E8146D2DBA6}.Ad-Hoc|x86.Deploy.0 = Ad-Hoc|iPhone
		{81D7A34E-681D-4431-8B7D-3E8146D2DBA6}.AppStore|Any CPU.ActiveCfg = AppStore|iPhone
		{81D7A34E-681D-4431-8B7D-3E8146D2DBA6}.AppStore|Any CPU.Build.0 = AppStore|iPhone
		{81D7A34E-681D-4431-8B7D-3E8146D2DBA6}.AppStore|Any CPU.Deploy.0 = AppStore|iPhone
		{81D7A34E-681D-4431-8B7D-3E8146D2DBA6}.AppStore|ARM.ActiveCfg = AppStore|iPhone
		{81D7A34E-681D-4431-8B7D-3E8146D2DBA6}.AppStore|ARM.Build.0 = AppStore|iPhone
		{81D7A34E-681D-4431-8B7D-3E8146D2DBA6}.AppStore|ARM.Deploy.0 = AppStore|iPhone
		{81D7A34E-681D-4431-8B7D-3E8146D2DBA6}.AppStore|iPhone.ActiveCfg = AppStore|iPhone
		{81D7A34E-681D-4431-8B7D-3E8146D2DBA6}.AppStore|iPhone.Build.0 = AppStore|iPhone
		{81D7A34E-681D-4431-8B7D-3E8146D2DBA6}.AppStore|iPhone.Deploy.0 = AppStore|iPhone
		{81D7A34E-681D-4431-8B7D-3E8146D2DBA6}.AppStore|iPhoneSimulator.ActiveCfg = AppStore|iPhoneSimulator
		{81D7A34E-681D-4431-8B7D-3E8146D2DBA6}.AppStore|iPhoneSimulator.Build.0 = AppStore|iPhoneSimulator
		{81D7A34E-681D-4431-8B7D-3E8146D2DBA6}.AppStore|iPhoneSimulator.Deploy.0 = AppStore|iPhoneSimulator
		{81D7A34E-681D-4431-8B7D-3E8146D2DBA6}.AppStore|x64.ActiveCfg = AppStore|iPhone
		{81D7A34E-681D-4431-8B7D-3E8146D2DBA6}.AppStore|x64.Build.0 = AppStore|iPhone
		{81D7A34E-681D-4431-8B7D-3E8146D2DBA6}.AppStore|x64.Deploy.0 = AppStore|iPhone
		{81D7A34E-681D-4431-8B7D-3E8146D2DBA6}.AppStore|x86.ActiveCfg = AppStore|iPhone
		{81D7A34E-681D-4431-8B7D-3E8146D2DBA6}.AppStore|x86.Build.0 = AppStore|iPhone
		{81D7A34E-681D-4431-8B7D-3E8146D2DBA6}.AppStore|x86.Deploy.0 = AppStore|iPhone
		{81D7A34E-681D-4431-8B7D-3E8146D2DBA6}.Debug|Any CPU.ActiveCfg = Debug|iPhoneSimulator
		{81D7A34E-681D-4431-8B7D-3E8146D2DBA6}.Debug|Any CPU.Build.0 = Debug|iPhoneSimulator
		{81D7A34E-681D-4431-8B7D-3E8146D2DBA6}.Debug|Any CPU.Deploy.0 = Debug|iPhoneSimulator
		{81D7A34E-681D-4431-8B7D-3E8146D2DBA6}.Debug|ARM.ActiveCfg = Debug|iPhone
		{81D7A34E-681D-4431-8B7D-3E8146D2DBA6}.Debug|ARM.Build.0 = Debug|iPhone
		{81D7A34E-681D-4431-8B7D-3E8146D2DBA6}.Debug|ARM.Deploy.0 = Debug|iPhone
		{81D7A34E-681D-4431-8B7D-3E8146D2DBA6}.Debug|iPhone.ActiveCfg = Debug|iPhone
		{81D7A34E-681D-4431-8B7D-3E8146D2DBA6}.Debug|iPhone.Build.0 = Debug|iPhone
		{81D7A34E-681D-4431-8B7D-3E8146D2DBA6}.Debug|iPhone.Deploy.0 = Debug|iPhone
		{81D7A34E-681D-4431-8B7D-3E8146D2DBA6}.Debug|iPhoneSimulator.ActiveCfg = Debug|iPhoneSimulator
		{81D7A34E-681D-4431-8B7D-3E8146D2DBA6}.Debug|iPhoneSimulator.Build.0 = Debug|iPhoneSimulator
		{81D7A34E-681D-4431-8B7D-3E8146D2DBA6}.Debug|iPhoneSimulator.Deploy.0 = Debug|iPhoneSimulator
		{81D7A34E-681D-4431-8B7D-3E8146D2DBA6}.Debug|x64.ActiveCfg = Debug|iPhone
		{81D7A34E-681D-4431-8B7D-3E8146D2DBA6}.Debug|x64.Build.0 = Debug|iPhone
		{81D7A34E-681D-4431-8B7D-3E8146D2DBA6}.Debug|x64.Deploy.0 = Debug|iPhone
		{81D7A34E-681D-4431-8B7D-3E8146D2DBA6}.Debug|x86.ActiveCfg = Debug|iPhone
		{81D7A34E-681D-4431-8B7D-3E8146D2DBA6}.Debug|x86.Build.0 = Debug|iPhone
		{81D7A34E-681D-4431-8B7D-3E8146D2DBA6}.Debug|x86.Deploy.0 = Debug|iPhone
		{81D7A34E-681D-4431-8B7D-3E8146D2DBA6}.Release|Any CPU.ActiveCfg = Release|iPhone
		{81D7A34E-681D-4431-8B7D-3E8146D2DBA6}.Release|Any CPU.Build.0 = Release|iPhone
		{81D7A34E-681D-4431-8B7D-3E8146D2DBA6}.Release|Any CPU.Deploy.0 = Release|iPhone
		{81D7A34E-681D-4431-8B7D-3E8146D2DBA6}.Release|ARM.ActiveCfg = Release|iPhone
		{81D7A34E-681D-4431-8B7D-3E8146D2DBA6}.Release|ARM.Build.0 = Release|iPhone
		{81D7A34E-681D-4431-8B7D-3E8146D2DBA6}.Release|ARM.Deploy.0 = Release|iPhone
		{81D7A34E-681D-4431-8B7D-3E8146D2DBA6}.Release|iPhone.ActiveCfg = Release|iPhone
		{81D7A34E-681D-4431-8B7D-3E8146D2DBA6}.Release|iPhone.Build.0 = Release|iPhone
		{81D7A34E-681D-4431-8B7D-3E8146D2DBA6}.Release|iPhone.Deploy.0 = Release|iPhone
		{81D7A34E-681D-4431-8B7D-3E8146D2DBA6}.Release|iPhoneSimulator.ActiveCfg = Release|iPhoneSimulator
		{81D7A34E-681D-4431-8B7D-3E8146D2DBA6}.Release|iPhoneSimulator.Build.0 = Release|iPhoneSimulator
		{81D7A34E-681D-4431-8B7D-3E8146D2DBA6}.Release|iPhoneSimulator.Deploy.0 = Release|iPhoneSimulator
		{81D7A34E-681D-4431-8B7D-3E8146D2DBA6}.Release|x64.ActiveCfg = Release|iPhone
		{81D7A34E-681D-4431-8B7D-3E8146D2DBA6}.Release|x64.Build.0 = Release|iPhone
		{81D7A34E-681D-4431-8B7D-3E8146D2DBA6}.Release|x64.Deploy.0 = Release|iPhone
		{81D7A34E-681D-4431-8B7D-3E8146D2DBA6}.Release|x86.ActiveCfg = Release|iPhone
		{81D7A34E-681D-4431-8B7D-3E8146D2DBA6}.Release|x86.Build.0 = Release|iPhone
		{81D7A34E-681D-4431-8B7D-3E8146D2DBA6}.Release|x86.Deploy.0 = Release|iPhone
		{E01EC157-C240-4A90-B472-A3AD4BFBE9D5}.Ad-Hoc|Any CPU.ActiveCfg = Release|x86
		{E01EC157-C240-4A90-B472-A3AD4BFBE9D5}.Ad-Hoc|Any CPU.Build.0 = Release|x86
		{E01EC157-C240-4A90-B472-A3AD4BFBE9D5}.Ad-Hoc|Any CPU.Deploy.0 = Release|x86
		{E01EC157-C240-4A90-B472-A3AD4BFBE9D5}.Ad-Hoc|ARM.ActiveCfg = Release|ARM
		{E01EC157-C240-4A90-B472-A3AD4BFBE9D5}.Ad-Hoc|ARM.Build.0 = Release|ARM
		{E01EC157-C240-4A90-B472-A3AD4BFBE9D5}.Ad-Hoc|ARM.Deploy.0 = Release|ARM
		{E01EC157-C240-4A90-B472-A3AD4BFBE9D5}.Ad-Hoc|iPhone.ActiveCfg = Release|x86
		{E01EC157-C240-4A90-B472-A3AD4BFBE9D5}.Ad-Hoc|iPhone.Build.0 = Release|x86
		{E01EC157-C240-4A90-B472-A3AD4BFBE9D5}.Ad-Hoc|iPhone.Deploy.0 = Release|x86
		{E01EC157-C240-4A90-B472-A3AD4BFBE9D5}.Ad-Hoc|iPhoneSimulator.ActiveCfg = Release|x86
		{E01EC157-C240-4A90-B472-A3AD4BFBE9D5}.Ad-Hoc|iPhoneSimulator.Build.0 = Release|x86
		{E01EC157-C240-4A90-B472-A3AD4BFBE9D5}.Ad-Hoc|iPhoneSimulator.Deploy.0 = Release|x86
		{E01EC157-C240-4A90-B472-A3AD4BFBE9D5}.Ad-Hoc|x64.ActiveCfg = Release|x64
		{E01EC157-C240-4A90-B472-A3AD4BFBE9D5}.Ad-Hoc|x64.Build.0 = Release|x64
		{E01EC157-C240-4A90-B472-A3AD4BFBE9D5}.Ad-Hoc|x64.Deploy.0 = Release|x64
		{E01EC157-C240-4A90-B472-A3AD4BFBE9D5}.Ad-Hoc|x86.ActiveCfg = Release|x86
		{E01EC157-C240-4A90-B472-A3AD4BFBE9D5}.Ad-Hoc|x86.Build.0 = Release|x86
		{E01EC157-C240-4A90-B472-A3AD4BFBE9D5}.Ad-Hoc|x86.Deploy.0 = Release|x86
		{E01EC157-C240-4A90-B472-A3AD4BFBE9D5}.AppStore|Any CPU.ActiveCfg = Release|x86
		{E01EC157-C240-4A90-B472-A3AD4BFBE9D5}.AppStore|Any CPU.Build.0 = Release|x86
		{E01EC157-C240-4A90-B472-A3AD4BFBE9D5}.AppStore|Any CPU.Deploy.0 = Release|x86
		{E01EC157-C240-4A90-B472-A3AD4BFBE9D5}.AppStore|ARM.ActiveCfg = Release|ARM
		{E01EC157-C240-4A90-B472-A3AD4BFBE9D5}.AppStore|ARM.Build.0 = Release|ARM
		{E01EC157-C240-4A90-B472-A3AD4BFBE9D5}.AppStore|ARM.Deploy.0 = Release|ARM
		{E01EC157-C240-4A90-B472-A3AD4BFBE9D5}.AppStore|iPhone.ActiveCfg = Release|x86
		{E01EC157-C240-4A90-B472-A3AD4BFBE9D5}.AppStore|iPhone.Build.0 = Release|x86
		{E01EC157-C240-4A90-B472-A3AD4BFBE9D5}.AppStore|iPhone.Deploy.0 = Release|x86
		{E01EC157-C240-4A90-B472-A3AD4BFBE9D5}.AppStore|iPhoneSimulator.ActiveCfg = Release|x86
		{E01EC157-C240-4A90-B472-A3AD4BFBE9D5}.AppStore|iPhoneSimulator.Build.0 = Release|x86
		{E01EC157-C240-4A90-B472-A3AD4BFBE9D5}.AppStore|iPhoneSimulator.Deploy.0 = Release|x86
		{E01EC157-C240-4A90-B472-A3AD4BFBE9D5}.AppStore|x64.ActiveCfg = Release|x64
		{E01EC157-C240-4A90-B472-A3AD4BFBE9D5}.AppStore|x64.Build.0 = Release|x64
		{E01EC157-C240-4A90-B472-A3AD4BFBE9D5}.AppStore|x64.Deploy.0 = Release|x64
		{E01EC157-C240-4A90-B472-A3AD4BFBE9D5}.AppStore|x86.ActiveCfg = Release|x86
		{E01EC157-C240-4A90-B472-A3AD4BFBE9D5}.AppStore|x86.Build.0 = Release|x86
		{E01EC157-C240-4A90-B472-A3AD4BFBE9D5}.AppStore|x86.Deploy.0 = Release|x86
		{E01EC157-C240-4A90-B472-A3AD4BFBE9D5}.Debug|Any CPU.ActiveCfg = Debug|x86
		{E01EC157-C240-4A90-B472-A3AD4BFBE9D5}.Debug|Any CPU.Build.0 = Debug|x86
		{E01EC157-C240-4A90-B472-A3AD4BFBE9D5}.Debug|Any CPU.Deploy.0 = Debug|x86
		{E01EC157-C240-4A90-B472-A3AD4BFBE9D5}.Debug|ARM.ActiveCfg = Debug|ARM
		{E01EC157-C240-4A90-B472-A3AD4BFBE9D5}.Debug|ARM.Build.0 = Debug|ARM
		{E01EC157-C240-4A90-B472-A3AD4BFBE9D5}.Debug|ARM.Deploy.0 = Debug|ARM
		{E01EC157-C240-4A90-B472-A3AD4BFBE9D5}.Debug|iPhone.ActiveCfg = Debug|x86
		{E01EC157-C240-4A90-B472-A3AD4BFBE9D5}.Debug|iPhone.Build.0 = Debug|x86
		{E01EC157-C240-4A90-B472-A3AD4BFBE9D5}.Debug|iPhone.Deploy.0 = Debug|x86
		{E01EC157-C240-4A90-B472-A3AD4BFBE9D5}.Debug|iPhoneSimulator.ActiveCfg = Debug|x86
		{E01EC157-C240-4A90-B472-A3AD4BFBE9D5}.Debug|iPhoneSimulator.Build.0 = Debug|x86
		{E01EC157-C240-4A90-B472-A3AD4BFBE9D5}.Debug|iPhoneSimulator.Deploy.0 = Debug|x86
		{E01EC157-C240-4A90-B472-A3AD4BFBE9D5}.Debug|x64.ActiveCfg = Debug|x64
		{E01EC157-C240-4A90-B472-A3AD4BFBE9D5}.Debug|x64.Build.0 = Debug|x64
		{E01EC157-C240-4A90-B472-A3AD4BFBE9D5}.Debug|x64.Deploy.0 = Debug|x64
		{E01EC157-C240-4A90-B472-A3AD4BFBE9D5}.Debug|x86.ActiveCfg = Debug|x86
		{E01EC157-C240-4A90-B472-A3AD4BFBE9D5}.Debug|x86.Build.0 = Debug|x86
		{E01EC157-C240-4A90-B472-A3AD4BFBE9D5}.Debug|x86.Deploy.0 = Debug|x86
		{E01EC157-C240-4A90-B472-A3AD4BFBE9D5}.Release|Any CPU.ActiveCfg = Release|x86
		{E01EC157-C240-4A90-B472-A3AD4BFBE9D5}.Release|Any CPU.Build.0 = Release|x86
		{E01EC157-C240-4A90-B472-A3AD4BFBE9D5}.Release|Any CPU.Deploy.0 = Release|x86
		{E01EC157-C240-4A90-B472-A3AD4BFBE9D5}.Release|ARM.ActiveCfg = Release|ARM
		{E01EC157-C240-4A90-B472-A3AD4BFBE9D5}.Release|ARM.Build.0 = Release|ARM
		{E01EC157-C240-4A90-B472-A3AD4BFBE9D5}.Release|ARM.Deploy.0 = Release|ARM
		{E01EC157-C240-4A90-B472-A3AD4BFBE9D5}.Release|iPhone.ActiveCfg = Release|x86
		{E01EC157-C240-4A90-B472-A3AD4BFBE9D5}.Release|iPhone.Build.0 = Release|x86
		{E01EC157-C240-4A90-B472-A3AD4BFBE9D5}.Release|iPhone.Deploy.0 = Release|x86
		{E01EC157-C240-4A90-B472-A3AD4BFBE9D5}.Release|iPhoneSimulator.ActiveCfg = Release|x86
		{E01EC157-C240-4A90-B472-A3AD4BFBE9D5}.Release|iPhoneSimulator.Build.0 = Release|x86
		{E01EC157-C240-4A90-B472-A3AD4BFBE9D5}.Release|iPhoneSimulator.Deploy.0 = Release|x86
		{E01EC157-C240-4A90-B472-A3AD4BFBE9D5}.Release|x64.ActiveCfg = Release|x64
		{E01EC157-C240-4A90-B472-A3AD4BFBE9D5}.Release|x64.Build.0 = Release|x64
		{E01EC157-C240-4A90-B472-A3AD4BFBE9D5}.Release|x64.Deploy.0 = Release|x64
		{E01EC157-C240-4A90-B472-A3AD4BFBE9D5}.Release|x86.ActiveCfg = Release|x86
		{E01EC157-C240-4A90-B472-A3AD4BFBE9D5}.Release|x86.Build.0 = Release|x86
		{E01EC157-C240-4A90-B472-A3AD4BFBE9D5}.Release|x86.Deploy.0 = Release|x86
		{7B223ECD-E30A-4710-ABD4-5C3AF42E7A68}.Ad-Hoc|Any CPU.ActiveCfg = Debug|Any CPU
		{7B223ECD-E30A-4710-ABD4-5C3AF42E7A68}.Ad-Hoc|Any CPU.Build.0 = Debug|Any CPU
		{7B223ECD-E30A-4710-ABD4-5C3AF42E7A68}.Ad-Hoc|Any CPU.Deploy.0 = Debug|Any CPU
		{7B223ECD-E30A-4710-ABD4-5C3AF42E7A68}.Ad-Hoc|ARM.ActiveCfg = Debug|Any CPU
		{7B223ECD-E30A-4710-ABD4-5C3AF42E7A68}.Ad-Hoc|ARM.Build.0 = Debug|Any CPU
		{7B223ECD-E30A-4710-ABD4-5C3AF42E7A68}.Ad-Hoc|ARM.Deploy.0 = Debug|Any CPU
		{7B223ECD-E30A-4710-ABD4-5C3AF42E7A68}.Ad-Hoc|iPhone.ActiveCfg = Debug|Any CPU
		{7B223ECD-E30A-4710-ABD4-5C3AF42E7A68}.Ad-Hoc|iPhone.Build.0 = Debug|Any CPU
		{7B223ECD-E30A-4710-ABD4-5C3AF42E7A68}.Ad-Hoc|iPhone.Deploy.0 = Debug|Any CPU
		{7B223ECD-E30A-4710-ABD4-5C3AF42E7A68}.Ad-Hoc|iPhoneSimulator.ActiveCfg = Debug|Any CPU
		{7B223ECD-E30A-4710-ABD4-5C3AF42E7A68}.Ad-Hoc|iPhoneSimulator.Build.0 = Debug|Any CPU
		{7B223ECD-E30A-4710-ABD4-5C3AF42E7A68}.Ad-Hoc|iPhoneSimulator.Deploy.0 = Debug|Any CPU
		{7B223ECD-E30A-4710-ABD4-5C3AF42E7A68}.Ad-Hoc|x64.ActiveCfg = Debug|Any CPU
		{7B223ECD-E30A-4710-ABD4-5C3AF42E7A68}.Ad-Hoc|x64.Build.0 = Debug|Any CPU
		{7B223ECD-E30A-4710-ABD4-5C3AF42E7A68}.Ad-Hoc|x64.Deploy.0 = Debug|Any CPU
		{7B223ECD-E30A-4710-ABD4-5C3AF42E7A68}.Ad-Hoc|x86.ActiveCfg = Debug|Any CPU
		{7B223ECD-E30A-4710-ABD4-5C3AF42E7A68}.Ad-Hoc|x86.Build.0 = Debug|Any CPU
		{7B223ECD-E30A-4710-ABD4-5C3AF42E7A68}.Ad-Hoc|x86.Deploy.0 = Debug|Any CPU
		{7B223ECD-E30A-4710-ABD4-5C3AF42E7A68}.AppStore|Any CPU.ActiveCfg = Debug|Any CPU
		{7B223ECD-E30A-4710-ABD4-5C3AF42E7A68}.AppStore|Any CPU.Build.0 = Debug|Any CPU
		{7B223ECD-E30A-4710-ABD4-5C3AF42E7A68}.AppStore|Any CPU.Deploy.0 = Debug|Any CPU
		{7B223ECD-E30A-4710-ABD4-5C3AF42E7A68}.AppStore|ARM.ActiveCfg = Debug|Any CPU
		{7B223ECD-E30A-4710-ABD4-5C3AF42E7A68}.AppStore|ARM.Build.0 = Debug|Any CPU
		{7B223ECD-E30A-4710-ABD4-5C3AF42E7A68}.AppStore|ARM.Deploy.0 = Debug|Any CPU
		{7B223ECD-E30A-4710-ABD4-5C3AF42E7A68}.AppStore|iPhone.ActiveCfg = Debug|Any CPU
		{7B223ECD-E30A-4710-ABD4-5C3AF42E7A68}.AppStore|iPhone.Build.0 = Debug|Any CPU
		{7B223ECD-E30A-4710-ABD4-5C3AF42E7A68}.AppStore|iPhone.Deploy.0 = Debug|Any CPU
		{7B223ECD-E30A-4710-ABD4-5C3AF42E7A68}.AppStore|iPhoneSimulator.ActiveCfg = Debug|Any CPU
		{7B223ECD-E30A-4710-ABD4-5C3AF42E7A68}.AppStore|iPhoneSimulator.Build.0 = Debug|Any CPU
		{7B223ECD-E30A-4710-ABD4-5C3AF42E7A68}.AppStore|iPhoneSimulator.Deploy.0 = Debug|Any CPU
		{7B223ECD-E30A-4710-ABD4-5C3AF42E7A68}.AppStore|x64.ActiveCfg = Debug|Any CPU
		{7B223ECD-E30A-4710-ABD4-5C3AF42E7A68}.AppStore|x64.Build.0 = Debug|Any CPU
		{7B223ECD-E30A-4710-ABD4-5C3AF42E7A68}.AppStore|x64.Deploy.0 = Debug|Any CPU
		{7B223ECD-E30A-4710-ABD4-5C3AF42E7A68}.AppStore|x86.ActiveCfg = Debug|Any CPU
		{7B223ECD-E30A-4710-ABD4-5C3AF42E7A68}.AppStore|x86.Build.0 = Debug|Any CPU
		{7B223ECD-E30A-4710-ABD4-5C3AF42E7A68}.AppStore|x86.Deploy.0 = Debug|Any CPU
		{7B223ECD-E30A-4710-ABD4-5C3AF42E7A68}.Debug|Any CPU.ActiveCfg = Debug|Any CPU
		{7B223ECD-E30A-4710-ABD4-5C3AF42E7A68}.Debug|Any CPU.Build.0 = Debug|Any CPU
		{7B223ECD-E30A-4710-ABD4-5C3AF42E7A68}.Debug|Any CPU.Deploy.0 = Debug|Any CPU
		{7B223ECD-E30A-4710-ABD4-5C3AF42E7A68}.Debug|ARM.ActiveCfg = Debug|Any CPU
		{7B223ECD-E30A-4710-ABD4-5C3AF42E7A68}.Debug|ARM.Build.0 = Debug|Any CPU
		{7B223ECD-E30A-4710-ABD4-5C3AF42E7A68}.Debug|ARM.Deploy.0 = Debug|Any CPU
		{7B223ECD-E30A-4710-ABD4-5C3AF42E7A68}.Debug|iPhone.ActiveCfg = Debug|Any CPU
		{7B223ECD-E30A-4710-ABD4-5C3AF42E7A68}.Debug|iPhone.Build.0 = Debug|Any CPU
		{7B223ECD-E30A-4710-ABD4-5C3AF42E7A68}.Debug|iPhone.Deploy.0 = Debug|Any CPU
		{7B223ECD-E30A-4710-ABD4-5C3AF42E7A68}.Debug|iPhoneSimulator.ActiveCfg = Debug|Any CPU
		{7B223ECD-E30A-4710-ABD4-5C3AF42E7A68}.Debug|iPhoneSimulator.Build.0 = Debug|Any CPU
		{7B223ECD-E30A-4710-ABD4-5C3AF42E7A68}.Debug|iPhoneSimulator.Deploy.0 = Debug|Any CPU
		{7B223ECD-E30A-4710-ABD4-5C3AF42E7A68}.Debug|x64.ActiveCfg = Debug|Any CPU
		{7B223ECD-E30A-4710-ABD4-5C3AF42E7A68}.Debug|x64.Build.0 = Debug|Any CPU
		{7B223ECD-E30A-4710-ABD4-5C3AF42E7A68}.Debug|x64.Deploy.0 = Debug|Any CPU
		{7B223ECD-E30A-4710-ABD4-5C3AF42E7A68}.Debug|x86.ActiveCfg = Debug|Any CPU
		{7B223ECD-E30A-4710-ABD4-5C3AF42E7A68}.Debug|x86.Build.0 = Debug|Any CPU
		{7B223ECD-E30A-4710-ABD4-5C3AF42E7A68}.Debug|x86.Deploy.0 = Debug|Any CPU
		{7B223ECD-E30A-4710-ABD4-5C3AF42E7A68}.Release|Any CPU.ActiveCfg = Release|Any CPU
		{7B223ECD-E30A-4710-ABD4-5C3AF42E7A68}.Release|Any CPU.Build.0 = Release|Any CPU
		{7B223ECD-E30A-4710-ABD4-5C3AF42E7A68}.Release|Any CPU.Deploy.0 = Release|Any CPU
		{7B223ECD-E30A-4710-ABD4-5C3AF42E7A68}.Release|ARM.ActiveCfg = Release|Any CPU
		{7B223ECD-E30A-4710-ABD4-5C3AF42E7A68}.Release|ARM.Build.0 = Release|Any CPU
		{7B223ECD-E30A-4710-ABD4-5C3AF42E7A68}.Release|ARM.Deploy.0 = Release|Any CPU
		{7B223ECD-E30A-4710-ABD4-5C3AF42E7A68}.Release|iPhone.ActiveCfg = Release|Any CPU
		{7B223ECD-E30A-4710-ABD4-5C3AF42E7A68}.Release|iPhone.Build.0 = Release|Any CPU
		{7B223ECD-E30A-4710-ABD4-5C3AF42E7A68}.Release|iPhone.Deploy.0 = Release|Any CPU
		{7B223ECD-E30A-4710-ABD4-5C3AF42E7A68}.Release|iPhoneSimulator.ActiveCfg = Release|Any CPU
		{7B223ECD-E30A-4710-ABD4-5C3AF42E7A68}.Release|iPhoneSimulator.Build.0 = Release|Any CPU
		{7B223ECD-E30A-4710-ABD4-5C3AF42E7A68}.Release|iPhoneSimulator.Deploy.0 = Release|Any CPU
		{7B223ECD-E30A-4710-ABD4-5C3AF42E7A68}.Release|x64.ActiveCfg = Release|Any CPU
		{7B223ECD-E30A-4710-ABD4-5C3AF42E7A68}.Release|x64.Build.0 = Release|Any CPU
		{7B223ECD-E30A-4710-ABD4-5C3AF42E7A68}.Release|x64.Deploy.0 = Release|Any CPU
		{7B223ECD-E30A-4710-ABD4-5C3AF42E7A68}.Release|x86.ActiveCfg = Release|Any CPU
		{7B223ECD-E30A-4710-ABD4-5C3AF42E7A68}.Release|x86.Build.0 = Release|Any CPU
		{7B223ECD-E30A-4710-ABD4-5C3AF42E7A68}.Release|x86.Deploy.0 = Release|Any CPU
		{DBCAF477-4C7F-4081-B731-0E1D97C83DA4}.Ad-Hoc|Any CPU.ActiveCfg = Release|Any CPU
		{DBCAF477-4C7F-4081-B731-0E1D97C83DA4}.Ad-Hoc|Any CPU.Build.0 = Release|Any CPU
		{DBCAF477-4C7F-4081-B731-0E1D97C83DA4}.Ad-Hoc|Any CPU.Deploy.0 = Release|Any CPU
		{DBCAF477-4C7F-4081-B731-0E1D97C83DA4}.Ad-Hoc|ARM.ActiveCfg = Release|Any CPU
		{DBCAF477-4C7F-4081-B731-0E1D97C83DA4}.Ad-Hoc|ARM.Build.0 = Release|Any CPU
		{DBCAF477-4C7F-4081-B731-0E1D97C83DA4}.Ad-Hoc|ARM.Deploy.0 = Release|Any CPU
		{DBCAF477-4C7F-4081-B731-0E1D97C83DA4}.Ad-Hoc|iPhone.ActiveCfg = Release|Any CPU
		{DBCAF477-4C7F-4081-B731-0E1D97C83DA4}.Ad-Hoc|iPhone.Build.0 = Release|Any CPU
		{DBCAF477-4C7F-4081-B731-0E1D97C83DA4}.Ad-Hoc|iPhone.Deploy.0 = Release|Any CPU
		{DBCAF477-4C7F-4081-B731-0E1D97C83DA4}.Ad-Hoc|iPhoneSimulator.ActiveCfg = Release|Any CPU
		{DBCAF477-4C7F-4081-B731-0E1D97C83DA4}.Ad-Hoc|iPhoneSimulator.Build.0 = Release|Any CPU
		{DBCAF477-4C7F-4081-B731-0E1D97C83DA4}.Ad-Hoc|iPhoneSimulator.Deploy.0 = Release|Any CPU
		{DBCAF477-4C7F-4081-B731-0E1D97C83DA4}.Ad-Hoc|x64.ActiveCfg = Release|Any CPU
		{DBCAF477-4C7F-4081-B731-0E1D97C83DA4}.Ad-Hoc|x64.Build.0 = Release|Any CPU
		{DBCAF477-4C7F-4081-B731-0E1D97C83DA4}.Ad-Hoc|x64.Deploy.0 = Release|Any CPU
		{DBCAF477-4C7F-4081-B731-0E1D97C83DA4}.Ad-Hoc|x86.ActiveCfg = Release|Any CPU
		{DBCAF477-4C7F-4081-B731-0E1D97C83DA4}.Ad-Hoc|x86.Build.0 = Release|Any CPU
		{DBCAF477-4C7F-4081-B731-0E1D97C83DA4}.Ad-Hoc|x86.Deploy.0 = Release|Any CPU
		{DBCAF477-4C7F-4081-B731-0E1D97C83DA4}.AppStore|Any CPU.ActiveCfg = Release|Any CPU
		{DBCAF477-4C7F-4081-B731-0E1D97C83DA4}.AppStore|Any CPU.Build.0 = Release|Any CPU
		{DBCAF477-4C7F-4081-B731-0E1D97C83DA4}.AppStore|Any CPU.Deploy.0 = Release|Any CPU
		{DBCAF477-4C7F-4081-B731-0E1D97C83DA4}.AppStore|ARM.ActiveCfg = Release|Any CPU
		{DBCAF477-4C7F-4081-B731-0E1D97C83DA4}.AppStore|ARM.Build.0 = Release|Any CPU
		{DBCAF477-4C7F-4081-B731-0E1D97C83DA4}.AppStore|ARM.Deploy.0 = Release|Any CPU
		{DBCAF477-4C7F-4081-B731-0E1D97C83DA4}.AppStore|iPhone.ActiveCfg = Release|Any CPU
		{DBCAF477-4C7F-4081-B731-0E1D97C83DA4}.AppStore|iPhone.Build.0 = Release|Any CPU
		{DBCAF477-4C7F-4081-B731-0E1D97C83DA4}.AppStore|iPhone.Deploy.0 = Release|Any CPU
		{DBCAF477-4C7F-4081-B731-0E1D97C83DA4}.AppStore|iPhoneSimulator.ActiveCfg = Release|Any CPU
		{DBCAF477-4C7F-4081-B731-0E1D97C83DA4}.AppStore|iPhoneSimulator.Build.0 = Release|Any CPU
		{DBCAF477-4C7F-4081-B731-0E1D97C83DA4}.AppStore|iPhoneSimulator.Deploy.0 = Release|Any CPU
		{DBCAF477-4C7F-4081-B731-0E1D97C83DA4}.AppStore|x64.ActiveCfg = Release|Any CPU
		{DBCAF477-4C7F-4081-B731-0E1D97C83DA4}.AppStore|x64.Build.0 = Release|Any CPU
		{DBCAF477-4C7F-4081-B731-0E1D97C83DA4}.AppStore|x64.Deploy.0 = Release|Any CPU
		{DBCAF477-4C7F-4081-B731-0E1D97C83DA4}.AppStore|x86.ActiveCfg = Release|Any CPU
		{DBCAF477-4C7F-4081-B731-0E1D97C83DA4}.AppStore|x86.Build.0 = Release|Any CPU
		{DBCAF477-4C7F-4081-B731-0E1D97C83DA4}.AppStore|x86.Deploy.0 = Release|Any CPU
		{DBCAF477-4C7F-4081-B731-0E1D97C83DA4}.Debug|Any CPU.ActiveCfg = Debug|Any CPU
		{DBCAF477-4C7F-4081-B731-0E1D97C83DA4}.Debug|Any CPU.Build.0 = Debug|Any CPU
		{DBCAF477-4C7F-4081-B731-0E1D97C83DA4}.Debug|Any CPU.Deploy.0 = Debug|Any CPU
		{DBCAF477-4C7F-4081-B731-0E1D97C83DA4}.Debug|ARM.ActiveCfg = Debug|Any CPU
		{DBCAF477-4C7F-4081-B731-0E1D97C83DA4}.Debug|ARM.Build.0 = Debug|Any CPU
		{DBCAF477-4C7F-4081-B731-0E1D97C83DA4}.Debug|ARM.Deploy.0 = Debug|Any CPU
		{DBCAF477-4C7F-4081-B731-0E1D97C83DA4}.Debug|iPhone.ActiveCfg = Debug|Any CPU
		{DBCAF477-4C7F-4081-B731-0E1D97C83DA4}.Debug|iPhone.Build.0 = Debug|Any CPU
		{DBCAF477-4C7F-4081-B731-0E1D97C83DA4}.Debug|iPhone.Deploy.0 = Debug|Any CPU
		{DBCAF477-4C7F-4081-B731-0E1D97C83DA4}.Debug|iPhoneSimulator.ActiveCfg = Debug|Any CPU
		{DBCAF477-4C7F-4081-B731-0E1D97C83DA4}.Debug|iPhoneSimulator.Build.0 = Debug|Any CPU
		{DBCAF477-4C7F-4081-B731-0E1D97C83DA4}.Debug|iPhoneSimulator.Deploy.0 = Debug|Any CPU
		{DBCAF477-4C7F-4081-B731-0E1D97C83DA4}.Debug|x64.ActiveCfg = Debug|Any CPU
		{DBCAF477-4C7F-4081-B731-0E1D97C83DA4}.Debug|x64.Build.0 = Debug|Any CPU
		{DBCAF477-4C7F-4081-B731-0E1D97C83DA4}.Debug|x64.Deploy.0 = Debug|Any CPU
		{DBCAF477-4C7F-4081-B731-0E1D97C83DA4}.Debug|x86.ActiveCfg = Debug|Any CPU
		{DBCAF477-4C7F-4081-B731-0E1D97C83DA4}.Debug|x86.Build.0 = Debug|Any CPU
		{DBCAF477-4C7F-4081-B731-0E1D97C83DA4}.Debug|x86.Deploy.0 = Debug|Any CPU
		{DBCAF477-4C7F-4081-B731-0E1D97C83DA4}.Release|Any CPU.ActiveCfg = Release|Any CPU
		{DBCAF477-4C7F-4081-B731-0E1D97C83DA4}.Release|Any CPU.Build.0 = Release|Any CPU
		{DBCAF477-4C7F-4081-B731-0E1D97C83DA4}.Release|Any CPU.Deploy.0 = Release|Any CPU
		{DBCAF477-4C7F-4081-B731-0E1D97C83DA4}.Release|ARM.ActiveCfg = Release|Any CPU
		{DBCAF477-4C7F-4081-B731-0E1D97C83DA4}.Release|ARM.Build.0 = Release|Any CPU
		{DBCAF477-4C7F-4081-B731-0E1D97C83DA4}.Release|ARM.Deploy.0 = Release|Any CPU
		{DBCAF477-4C7F-4081-B731-0E1D97C83DA4}.Release|iPhone.ActiveCfg = Release|Any CPU
		{DBCAF477-4C7F-4081-B731-0E1D97C83DA4}.Release|iPhone.Build.0 = Release|Any CPU
		{DBCAF477-4C7F-4081-B731-0E1D97C83DA4}.Release|iPhone.Deploy.0 = Release|Any CPU
		{DBCAF477-4C7F-4081-B731-0E1D97C83DA4}.Release|iPhoneSimulator.ActiveCfg = Release|Any CPU
		{DBCAF477-4C7F-4081-B731-0E1D97C83DA4}.Release|iPhoneSimulator.Build.0 = Release|Any CPU
		{DBCAF477-4C7F-4081-B731-0E1D97C83DA4}.Release|iPhoneSimulator.Deploy.0 = Release|Any CPU
		{DBCAF477-4C7F-4081-B731-0E1D97C83DA4}.Release|x64.ActiveCfg = Release|Any CPU
		{DBCAF477-4C7F-4081-B731-0E1D97C83DA4}.Release|x64.Build.0 = Release|Any CPU
		{DBCAF477-4C7F-4081-B731-0E1D97C83DA4}.Release|x64.Deploy.0 = Release|Any CPU
		{DBCAF477-4C7F-4081-B731-0E1D97C83DA4}.Release|x86.ActiveCfg = Release|Any CPU
		{DBCAF477-4C7F-4081-B731-0E1D97C83DA4}.Release|x86.Build.0 = Release|Any CPU
		{DBCAF477-4C7F-4081-B731-0E1D97C83DA4}.Release|x86.Deploy.0 = Release|Any CPU
	EndGlobalSection
	GlobalSection(SolutionProperties) = preSolution
		HideSolutionNode = FALSE
	EndGlobalSection
	GlobalSection(ExtensibilityGlobals) = postSolution
		SolutionGuid = {BA8E7EC8-BF76-4880-A73F-1C57634CE579}
	EndGlobalSection
EndGlobal
